
Microsoft Visual Studio Solution File, Format Version 12.00
# Visual Studio Version 16
VisualStudioVersion = 25.0.1706.1
MinimumVisualStudioVersion = 10.0.40219.1
Project("{FAE04EC0-301F-11D3-BF4B-00C04F79EFBC}") = "Pronia", "Pronia\Pronia.csproj", "{AB28A160-8D63-4A60-905C-DE05A5A02963}"
EndProject
Global
	GlobalSection(SolutionConfigurationPlatforms) = preSolution
		Debug|Any CPU = Debug|Any CPU
		Release|Any CPU = Release|Any CPU
	EndGlobalSection
	GlobalSection(ProjectConfigurationPlatforms) = postSolution
		{AB28A160-8D63-4A60-905C-DE05A5A02963}.Debug|Any CPU.ActiveCfg = Debug|Any CPU
		{AB28A160-8D63-4A60-905C-DE05A5A02963}.Debug|Any CPU.Build.0 = Debug|Any CPU
		{AB28A160-8D63-4A60-905C-DE05A5A02963}.Release|Any CPU.ActiveCfg = Release|Any CPU
		{AB28A160-8D63-4A60-905C-DE05A5A02963}.Release|Any CPU.Build.0 = Release|Any CPU
	EndGlobalSection
	GlobalSection(SolutionProperties) = preSolution
		HideSolutionNode = FALSE
	EndGlobalSection
	GlobalSection(ExtensibilityGlobals) = postSolution
		SolutionGuid = {55BDF756-D8CB-41D6-AB6B-2AC44E0BB50E}
	EndGlobalSection
EndGlobal
